
Microsoft Visual Studio Solution File, Format Version 12.00
# Visual Studio Version 16
VisualStudioVersion = 16.0.31729.503
MinimumVisualStudioVersion = 10.0.40219.1
Project("{2150E333-8FDC-42A3-9474-1A3956D46DE8}") = "src", "src", "{D639F819-14E6-4593-90AC-08E16D42CE2A}"
EndProject
Project("{2150E333-8FDC-42A3-9474-1A3956D46DE8}") = "catalog", "catalog", "{862DEBE6-2C9C-48A0-89AB-9CDB9DB42FDD}"
EndProject
Project("{9A19103F-16F7-4668-BE54-9A1E7A4F7556}") = "Catalog.API", "src\catalog\Catalog.API\Catalog.API.csproj", "{D6882B05-7B6D-4381-A8E5-872054F03D90}"
EndProject
Project("{E53339B2-1760-4266-BCC7-CA923CBCF16C}") = "docker-compose", "docker-compose.dcproj", "{DF5915EB-BCA3-4394-94BD-048143472D9E}"
EndProject
Project("{2150E333-8FDC-42A3-9474-1A3956D46DE8}") = "Basket", "Basket", "{7320CF8C-FBC4-4237-A7C7-50D44CA71E3D}"
EndProject
Project("{9A19103F-16F7-4668-BE54-9A1E7A4F7556}") = "BasketAPI", "src\Basket\BasketAPI\BasketAPI.csproj", "{964B6847-AA91-4183-AC99-0406C525C453}"
EndProject
Project("{2150E333-8FDC-42A3-9474-1A3956D46DE8}") = "common", "common", "{0BD8783E-10AC-4D32-8C7F-27521FF71D79}"
EndProject
Project("{9A19103F-16F7-4668-BE54-9A1E7A4F7556}") = "EventBusRabbitMQ", "src\common\EventBusRabbitMQ\EventBusRabbitMQ.csproj", "{89195969-537A-4A74-9B52-3C820F3C13AF}"
EndProject
Project("{2150E333-8FDC-42A3-9474-1A3956D46DE8}") = "Ordering", "Ordering", "{875F38FC-F1AB-4B75-A93D-94B177180CDF}"
EndProject
Project("{9A19103F-16F7-4668-BE54-9A1E7A4F7556}") = "Ordering.API", "src\Ordering\Ordering\Ordering.API.csproj", "{E4520E53-C81A-459C-9028-085B7C8FEC49}"
EndProject
Project("{9A19103F-16F7-4668-BE54-9A1E7A4F7556}") = "Ordering.Core", "src\Ordering\Ordering.Core\Ordering.Core.csproj", "{D88F0720-68D4-43E6-989F-20A74D73091D}"
EndProject
Project("{9A19103F-16F7-4668-BE54-9A1E7A4F7556}") = "Ordering.Application", "src\Ordering\Ordering.Application\Ordering.Application.csproj", "{735A044A-D384-4B40-A26E-5A9EF19AD417}"
EndProject
Project("{9A19103F-16F7-4668-BE54-9A1E7A4F7556}") = "Ordering.Infrastructure", "src\Ordering\Ordering.Infrastructure\Ordering.Infrastructure.csproj", "{76EA62CA-A6E9-469B-BB8F-D7CB91DF4F86}"
EndProject
Project("{2150E333-8FDC-42A3-9474-1A3956D46DE8}") = "ApiGateway", "ApiGateway", "{ABF7BBCC-2A69-4BC9-994F-11896920295B}"
EndProject
Project("{9A19103F-16F7-4668-BE54-9A1E7A4F7556}") = "ApiGateway", "src\ApiGateway\ApiGateway\ApiGateway.csproj", "{9C61B790-FE01-48B5-980B-33D4BEBDE05E}"
EndProject
Project("{9A19103F-16F7-4668-BE54-9A1E7A4F7556}") = "AspnetRunBasics", "src\UI_Layer\AspnetRunBasics.csproj", "{7B28511D-9063-4ED1-88DC-7333F8DA5A80}"
EndProject
Global
	GlobalSection(SolutionConfigurationPlatforms) = preSolution
		Debug|Any CPU = Debug|Any CPU
		Release|Any CPU = Release|Any CPU
	EndGlobalSection
	GlobalSection(ProjectConfigurationPlatforms) = postSolution
		{D6882B05-7B6D-4381-A8E5-872054F03D90}.Debug|Any CPU.ActiveCfg = Debug|Any CPU
		{D6882B05-7B6D-4381-A8E5-872054F03D90}.Debug|Any CPU.Build.0 = Debug|Any CPU
		{D6882B05-7B6D-4381-A8E5-872054F03D90}.Release|Any CPU.ActiveCfg = Release|Any CPU
		{D6882B05-7B6D-4381-A8E5-872054F03D90}.Release|Any CPU.Build.0 = Release|Any CPU
		{DF5915EB-BCA3-4394-94BD-048143472D9E}.Debug|Any CPU.ActiveCfg = Debug|Any CPU
		{DF5915EB-BCA3-4394-94BD-048143472D9E}.Debug|Any CPU.Build.0 = Debug|Any CPU
		{DF5915EB-BCA3-4394-94BD-048143472D9E}.Release|Any CPU.ActiveCfg = Release|Any CPU
		{DF5915EB-BCA3-4394-94BD-048143472D9E}.Release|Any CPU.Build.0 = Release|Any CPU
		{964B6847-AA91-4183-AC99-0406C525C453}.Debug|Any CPU.ActiveCfg = Debug|Any CPU
		{964B6847-AA91-4183-AC99-0406C525C453}.Debug|Any CPU.Build.0 = Debug|Any CPU
		{964B6847-AA91-4183-AC99-0406C525C453}.Release|Any CPU.ActiveCfg = Release|Any CPU
		{964B6847-AA91-4183-AC99-0406C525C453}.Release|Any CPU.Build.0 = Release|Any CPU
		{89195969-537A-4A74-9B52-3C820F3C13AF}.Debug|Any CPU.ActiveCfg = Debug|Any CPU
		{89195969-537A-4A74-9B52-3C820F3C13AF}.Debug|Any CPU.Build.0 = Debug|Any CPU
		{89195969-537A-4A74-9B52-3C820F3C13AF}.Release|Any CPU.ActiveCfg = Release|Any CPU
		{89195969-537A-4A74-9B52-3C820F3C13AF}.Release|Any CPU.Build.0 = Release|Any CPU
		{E4520E53-C81A-459C-9028-085B7C8FEC49}.Debug|Any CPU.ActiveCfg = Debug|Any CPU
		{E4520E53-C81A-459C-9028-085B7C8FEC49}.Debug|Any CPU.Build.0 = Debug|Any CPU
		{E4520E53-C81A-459C-9028-085B7C8FEC49}.Release|Any CPU.ActiveCfg = Release|Any CPU
		{E4520E53-C81A-459C-9028-085B7C8FEC49}.Release|Any CPU.Build.0 = Release|Any CPU
		{D88F0720-68D4-43E6-989F-20A74D73091D}.Debug|Any CPU.ActiveCfg = Debug|Any CPU
		{D88F0720-68D4-43E6-989F-20A74D73091D}.Debug|Any CPU.Build.0 = Debug|Any CPU
		{D88F0720-68D4-43E6-989F-20A74D73091D}.Release|Any CPU.ActiveCfg = Release|Any CPU
		{D88F0720-68D4-43E6-989F-20A74D73091D}.Release|Any CPU.Build.0 = Release|Any CPU
		{735A044A-D384-4B40-A26E-5A9EF19AD417}.Debug|Any CPU.ActiveCfg = Debug|Any CPU
		{735A044A-D384-4B40-A26E-5A9EF19AD417}.Debug|Any CPU.Build.0 = Debug|Any CPU
		{735A044A-D384-4B40-A26E-5A9EF19AD417}.Release|Any CPU.ActiveCfg = Release|Any CPU
		{735A044A-D384-4B40-A26E-5A9EF19AD417}.Release|Any CPU.Build.0 = Release|Any CPU
		{76EA62CA-A6E9-469B-BB8F-D7CB91DF4F86}.Debug|Any CPU.ActiveCfg = Debug|Any CPU
		{76EA62CA-A6E9-469B-BB8F-D7CB91DF4F86}.Debug|Any CPU.Build.0 = Debug|Any CPU
		{76EA62CA-A6E9-469B-BB8F-D7CB91DF4F86}.Release|Any CPU.ActiveCfg = Release|Any CPU
		{76EA62CA-A6E9-469B-BB8F-D7CB91DF4F86}.Release|Any CPU.Build.0 = Release|Any CPU
		{9C61B790-FE01-48B5-980B-33D4BEBDE05E}.Debug|Any CPU.ActiveCfg = Debug|Any CPU
		{9C61B790-FE01-48B5-980B-33D4BEBDE05E}.Debug|Any CPU.Build.0 = Debug|Any CPU
		{9C61B790-FE01-48B5-980B-33D4BEBDE05E}.Release|Any CPU.ActiveCfg = Release|Any CPU
		{9C61B790-FE01-48B5-980B-33D4BEBDE05E}.Release|Any CPU.Build.0 = Release|Any CPU
		{7B28511D-9063-4ED1-88DC-7333F8DA5A80}.Debug|Any CPU.ActiveCfg = Debug|Any CPU
		{7B28511D-9063-4ED1-88DC-7333F8DA5A80}.Debug|Any CPU.Build.0 = Debug|Any CPU
		{7B28511D-9063-4ED1-88DC-7333F8DA5A80}.Release|Any CPU.ActiveCfg = Release|Any CPU
		{7B28511D-9063-4ED1-88DC-7333F8DA5A80}.Release|Any CPU.Build.0 = Release|Any CPU
	EndGlobalSection
	GlobalSection(SolutionProperties) = preSolution
		HideSolutionNode = FALSE
	EndGlobalSection
	GlobalSection(NestedProjects) = preSolution
		{862DEBE6-2C9C-48A0-89AB-9CDB9DB42FDD} = {D639F819-14E6-4593-90AC-08E16D42CE2A}
		{D6882B05-7B6D-4381-A8E5-872054F03D90} = {862DEBE6-2C9C-48A0-89AB-9CDB9DB42FDD}
		{7320CF8C-FBC4-4237-A7C7-50D44CA71E3D} = {D639F819-14E6-4593-90AC-08E16D42CE2A}
		{964B6847-AA91-4183-AC99-0406C525C453} = {7320CF8C-FBC4-4237-A7C7-50D44CA71E3D}
		{0BD8783E-10AC-4D32-8C7F-27521FF71D79} = {D639F819-14E6-4593-90AC-08E16D42CE2A}
		{89195969-537A-4A74-9B52-3C820F3C13AF} = {0BD8783E-10AC-4D32-8C7F-27521FF71D79}
		{875F38FC-F1AB-4B75-A93D-94B177180CDF} = {D639F819-14E6-4593-90AC-08E16D42CE2A}
		{E4520E53-C81A-459C-9028-085B7C8FEC49} = {875F38FC-F1AB-4B75-A93D-94B177180CDF}
		{D88F0720-68D4-43E6-989F-20A74D73091D} = {875F38FC-F1AB-4B75-A93D-94B177180CDF}
		{735A044A-D384-4B40-A26E-5A9EF19AD417} = {875F38FC-F1AB-4B75-A93D-94B177180CDF}
		{76EA62CA-A6E9-469B-BB8F-D7CB91DF4F86} = {875F38FC-F1AB-4B75-A93D-94B177180CDF}
		{ABF7BBCC-2A69-4BC9-994F-11896920295B} = {D639F819-14E6-4593-90AC-08E16D42CE2A}
		{9C61B790-FE01-48B5-980B-33D4BEBDE05E} = {ABF7BBCC-2A69-4BC9-994F-11896920295B}
		{7B28511D-9063-4ED1-88DC-7333F8DA5A80} = {D639F819-14E6-4593-90AC-08E16D42CE2A}
	EndGlobalSection
	GlobalSection(ExtensibilityGlobals) = postSolution
		SolutionGuid = {B2E21181-EE61-4A60-80F8-B373FB8C747A}
	EndGlobalSection
EndGlobal
